
Microsoft Visual Studio Solution File, Format Version 12.00
# Visual Studio 15
VisualStudioVersion = 15.0.28010.2019
MinimumVisualStudioVersion = 10.0.40219.1
Project("{FAE04EC0-301F-11D3-BF4B-00C04F79EFBC}") = "RoomChat.Android", "RoomChat\RoomChat.Android\RoomChat.Android.csproj", "{FC1EDD07-17EF-4E96-9233-29B229FDF648}"
EndProject
Project("{FAE04EC0-301F-11D3-BF4B-00C04F79EFBC}") = "RoomChat.iOS", "RoomChat\RoomChat.iOS\RoomChat.iOS.csproj", "{C66BC209-AEE5-4BDD-9E3B-73A064F35DA7}"
EndProject
Project("{FAE04EC0-301F-11D3-BF4B-00C04F79EFBC}") = "RoomChat", "RoomChat\RoomChat\RoomChat.csproj", "{2B945ED0-9785-48DD-808C-0E593E61515E}"
EndProject
Global
	GlobalSection(SolutionConfigurationPlatforms) = preSolution
		Ad-Hoc|Any CPU = Ad-Hoc|Any CPU
		Ad-Hoc|iPhone = Ad-Hoc|iPhone
		Ad-Hoc|iPhoneSimulator = Ad-Hoc|iPhoneSimulator
		AppStore|Any CPU = AppStore|Any CPU
		AppStore|iPhone = AppStore|iPhone
		AppStore|iPhoneSimulator = AppStore|iPhoneSimulator
		Debug|Any CPU = Debug|Any CPU
		Debug|iPhone = Debug|iPhone
		Debug|iPhoneSimulator = Debug|iPhoneSimulator
		Release|Any CPU = Release|Any CPU
		Release|iPhone = Release|iPhone
		Release|iPhoneSimulator = Release|iPhoneSimulator
	EndGlobalSection
	GlobalSection(ProjectConfigurationPlatforms) = postSolution
		{FC1EDD07-17EF-4E96-9233-29B229FDF648}.Ad-Hoc|Any CPU.ActiveCfg = Release|Any CPU
		{FC1EDD07-17EF-4E96-9233-29B229FDF648}.Ad-Hoc|Any CPU.Build.0 = Release|Any CPU
		{FC1EDD07-17EF-4E96-9233-29B229FDF648}.Ad-Hoc|Any CPU.Deploy.0 = Release|Any CPU
		{FC1EDD07-17EF-4E96-9233-29B229FDF648}.Ad-Hoc|iPhone.ActiveCfg = Release|Any CPU
		{FC1EDD07-17EF-4E96-9233-29B229FDF648}.Ad-Hoc|iPhone.Build.0 = Release|Any CPU
		{FC1EDD07-17EF-4E96-9233-29B229FDF648}.Ad-Hoc|iPhone.Deploy.0 = Release|Any CPU
		{FC1EDD07-17EF-4E96-9233-29B229FDF648}.Ad-Hoc|iPhoneSimulator.ActiveCfg = Release|Any CPU
		{FC1EDD07-17EF-4E96-9233-29B229FDF648}.Ad-Hoc|iPhoneSimulator.Build.0 = Release|Any CPU
		{FC1EDD07-17EF-4E96-9233-29B229FDF648}.Ad-Hoc|iPhoneSimulator.Deploy.0 = Release|Any CPU
		{FC1EDD07-17EF-4E96-9233-29B229FDF648}.AppStore|Any CPU.ActiveCfg = Release|Any CPU
		{FC1EDD07-17EF-4E96-9233-29B229FDF648}.AppStore|Any CPU.Build.0 = Release|Any CPU
		{FC1EDD07-17EF-4E96-9233-29B229FDF648}.AppStore|Any CPU.Deploy.0 = Release|Any CPU
		{FC1EDD07-17EF-4E96-9233-29B229FDF648}.AppStore|iPhone.ActiveCfg = Release|Any CPU
		{FC1EDD07-17EF-4E96-9233-29B229FDF648}.AppStore|iPhone.Build.0 = Release|Any CPU
		{FC1EDD07-17EF-4E96-9233-29B229FDF648}.AppStore|iPhone.Deploy.0 = Release|Any CPU
		{FC1EDD07-17EF-4E96-9233-29B229FDF648}.AppStore|iPhoneSimulator.ActiveCfg = Release|Any CPU
		{FC1EDD07-17EF-4E96-9233-29B229FDF648}.AppStore|iPhoneSimulator.Build.0 = Release|Any CPU
		{FC1EDD07-17EF-4E96-9233-29B229FDF648}.AppStore|iPhoneSimulator.Deploy.0 = Release|Any CPU
		{FC1EDD07-17EF-4E96-9233-29B229FDF648}.Debug|Any CPU.ActiveCfg = Debug|Any CPU
		{FC1EDD07-17EF-4E96-9233-29B229FDF648}.Debug|Any CPU.Build.0 = Debug|Any CPU
		{FC1EDD07-17EF-4E96-9233-29B229FDF648}.Debug|Any CPU.Deploy.0 = Debug|Any CPU
		{FC1EDD07-17EF-4E96-9233-29B229FDF648}.Debug|iPhone.ActiveCfg = Debug|Any CPU
		{FC1EDD07-17EF-4E96-9233-29B229FDF648}.Debug|iPhone.Build.0 = Debug|Any CPU
		{FC1EDD07-17EF-4E96-9233-29B229FDF648}.Debug|iPhone.Deploy.0 = Debug|Any CPU
		{FC1EDD07-17EF-4E96-9233-29B229FDF648}.Debug|iPhoneSimulator.ActiveCfg = Debug|Any CPU
		{FC1EDD07-17EF-4E96-9233-29B229FDF648}.Debug|iPhoneSimulator.Build.0 = Debug|Any CPU
		{FC1EDD07-17EF-4E96-9233-29B229FDF648}.Debug|iPhoneSimulator.Deploy.0 = Debug|Any CPU
		{FC1EDD07-17EF-4E96-9233-29B229FDF648}.Release|Any CPU.ActiveCfg = Release|Any CPU
		{FC1EDD07-17EF-4E96-9233-29B229FDF648}.Release|Any CPU.Build.0 = Release|Any CPU
		{FC1EDD07-17EF-4E96-9233-29B229FDF648}.Release|Any CPU.Deploy.0 = Release|Any CPU
		{FC1EDD07-17EF-4E96-9233-29B229FDF648}.Release|iPhone.ActiveCfg = Release|Any CPU
		{FC1EDD07-17EF-4E96-9233-29B229FDF648}.Release|iPhone.Build.0 = Release|Any CPU
		{FC1EDD07-17EF-4E96-9233-29B229FDF648}.Release|iPhone.Deploy.0 = Release|Any CPU
		{FC1EDD07-17EF-4E96-9233-29B229FDF648}.Release|iPhoneSimulator.ActiveCfg = Release|Any CPU
		{FC1EDD07-17EF-4E96-9233-29B229FDF648}.Release|iPhoneSimulator.Build.0 = Release|Any CPU
		{FC1EDD07-17EF-4E96-9233-29B229FDF648}.Release|iPhoneSimulator.Deploy.0 = Release|Any CPU
		{C66BC209-AEE5-4BDD-9E3B-73A064F35DA7}.Ad-Hoc|Any CPU.ActiveCfg = Ad-Hoc|iPhone
		{C66BC209-AEE5-4BDD-9E3B-73A064F35DA7}.Ad-Hoc|Any CPU.Build.0 = Ad-Hoc|iPhone
		{C66BC209-AEE5-4BDD-9E3B-73A064F35DA7}.Ad-Hoc|Any CPU.Deploy.0 = Ad-Hoc|iPhone
		{C66BC209-AEE5-4BDD-9E3B-73A064F35DA7}.Ad-Hoc|iPhone.ActiveCfg = Ad-Hoc|iPhone
		{C66BC209-AEE5-4BDD-9E3B-73A064F35DA7}.Ad-Hoc|iPhone.Build.0 = Ad-Hoc|iPhone
		{C66BC209-AEE5-4BDD-9E3B-73A064F35DA7}.Ad-Hoc|iPhone.Deploy.0 = Ad-Hoc|iPhone
		{C66BC209-AEE5-4BDD-9E3B-73A064F35DA7}.Ad-Hoc|iPhoneSimulator.ActiveCfg = Ad-Hoc|iPhoneSimulator
		{C66BC209-AEE5-4BDD-9E3B-73A064F35DA7}.Ad-Hoc|iPhoneSimulator.Build.0 = Ad-Hoc|iPhoneSimulator
		{C66BC209-AEE5-4BDD-9E3B-73A064F35DA7}.Ad-Hoc|iPhoneSimulator.Deploy.0 = Ad-Hoc|iPhoneSimulator
		{C66BC209-AEE5-4BDD-9E3B-73A064F35DA7}.AppStore|Any CPU.ActiveCfg = AppStore|iPhone
		{C66BC209-AEE5-4BDD-9E3B-73A064F35DA7}.AppStore|Any CPU.Build.0 = AppStore|iPhone
		{C66BC209-AEE5-4BDD-9E3B-73A064F35DA7}.AppStore|Any CPU.Deploy.0 = AppStore|iPhone
		{C66BC209-AEE5-4BDD-9E3B-73A064F35DA7}.AppStore|iPhone.ActiveCfg = AppStore|iPhone
		{C66BC209-AEE5-4BDD-9E3B-73A064F35DA7}.AppStore|iPhone.Build.0 = AppStore|iPhone
		{C66BC209-AEE5-4BDD-9E3B-73A064F35DA7}.AppStore|iPhone.Deploy.0 = AppStore|iPhone
		{C66BC209-AEE5-4BDD-9E3B-73A064F35DA7}.AppStore|iPhoneSimulator.ActiveCfg = AppStore|iPhoneSimulator
		{C66BC209-AEE5-4BDD-9E3B-73A064F35DA7}.AppStore|iPhoneSimulator.Build.0 = AppStore|iPhoneSimulator
		{C66BC209-AEE5-4BDD-9E3B-73A064F35DA7}.AppStore|iPhoneSimulator.Deploy.0 = AppStore|iPhoneSimulator
		{C66BC209-AEE5-4BDD-9E3B-73A064F35DA7}.Debug|Any CPU.ActiveCfg = Debug|iPhoneSimulator
		{C66BC209-AEE5-4BDD-9E3B-73A064F35DA7}.Debug|Any CPU.Build.0 = Debug|iPhoneSimulator
		{C66BC209-AEE5-4BDD-9E3B-73A064F35DA7}.Debug|Any CPU.Deploy.0 = Debug|iPhoneSimulator
		{C66BC209-AEE5-4BDD-9E3B-73A064F35DA7}.Debug|iPhone.ActiveCfg = Debug|iPhone
		{C66BC209-AEE5-4BDD-9E3B-73A064F35DA7}.Debug|iPhone.Build.0 = Debug|iPhone
		{C66BC209-AEE5-4BDD-9E3B-73A064F35DA7}.Debug|iPhone.Deploy.0 = Debug|iPhone
		{C66BC209-AEE5-4BDD-9E3B-73A064F35DA7}.Debug|iPhoneSimulator.ActiveCfg = Debug|iPhoneSimulator
		{C66BC209-AEE5-4BDD-9E3B-73A064F35DA7}.Debug|iPhoneSimulator.Build.0 = Debug|iPhoneSimulator
		{C66BC209-AEE5-4BDD-9E3B-73A064F35DA7}.Debug|iPhoneSimulator.Deploy.0 = Debug|iPhoneSimulator
		{C66BC209-AEE5-4BDD-9E3B-73A064F35DA7}.Release|Any CPU.ActiveCfg = Release|iPhone
		{C66BC209-AEE5-4BDD-9E3B-73A064F35DA7}.Release|Any CPU.Build.0 = Release|iPhone
		{C66BC209-AEE5-4BDD-9E3B-73A064F35DA7}.Release|Any CPU.Deploy.0 = Release|iPhone
		{C66BC209-AEE5-4BDD-9E3B-73A064F35DA7}.Release|iPhone.ActiveCfg = Release|iPhone
		{C66BC209-AEE5-4BDD-9E3B-73A064F35DA7}.Release|iPhone.Build.0 = Release|iPhone
		{C66BC209-AEE5-4BDD-9E3B-73A064F35DA7}.Release|iPhone.Deploy.0 = Release|iPhone
		{C66BC209-AEE5-4BDD-9E3B-73A064F35DA7}.Release|iPhoneSimulator.ActiveCfg = Release|iPhoneSimulator
		{C66BC209-AEE5-4BDD-9E3B-73A064F35DA7}.Release|iPhoneSimulator.Build.0 = Release|iPhoneSimulator
		{C66BC209-AEE5-4BDD-9E3B-73A064F35DA7}.Release|iPhoneSimulator.Deploy.0 = Release|iPhoneSimulator
		{2B945ED0-9785-48DD-808C-0E593E61515E}.Ad-Hoc|Any CPU.ActiveCfg = Debug|Any CPU
		{2B945ED0-9785-48DD-808C-0E593E61515E}.Ad-Hoc|Any CPU.Build.0 = Debug|Any CPU
		{2B945ED0-9785-48DD-808C-0E593E61515E}.Ad-Hoc|Any CPU.Deploy.0 = Debug|Any CPU
		{2B945ED0-9785-48DD-808C-0E593E61515E}.Ad-Hoc|iPhone.ActiveCfg = Debug|Any CPU
		{2B945ED0-9785-48DD-808C-0E593E61515E}.Ad-Hoc|iPhone.Build.0 = Debug|Any CPU
		{2B945ED0-9785-48DD-808C-0E593E61515E}.Ad-Hoc|iPhone.Deploy.0 = Debug|Any CPU
		{2B945ED0-9785-48DD-808C-0E593E61515E}.Ad-Hoc|iPhoneSimulator.ActiveCfg = Debug|Any CPU
		{2B945ED0-9785-48DD-808C-0E593E61515E}.Ad-Hoc|iPhoneSimulator.Build.0 = Debug|Any CPU
		{2B945ED0-9785-48DD-808C-0E593E61515E}.Ad-Hoc|iPhoneSimulator.Deploy.0 = Debug|Any CPU
		{2B945ED0-9785-48DD-808C-0E593E61515E}.AppStore|Any CPU.ActiveCfg = Debug|Any CPU
		{2B945ED0-9785-48DD-808C-0E593E61515E}.AppStore|Any CPU.Build.0 = Debug|Any CPU
		{2B945ED0-9785-48DD-808C-0E593E61515E}.AppStore|Any CPU.Deploy.0 = Debug|Any CPU
		{2B945ED0-9785-48DD-808C-0E593E61515E}.AppStore|iPhone.ActiveCfg = Debug|Any CPU
		{2B945ED0-9785-48DD-808C-0E593E61515E}.AppStore|iPhone.Build.0 = Debug|Any CPU
		{2B945ED0-9785-48DD-808C-0E593E61515E}.AppStore|iPhone.Deploy.0 = Debug|Any CPU
		{2B945ED0-9785-48DD-808C-0E593E61515E}.AppStore|iPhoneSimulator.ActiveCfg = Debug|Any CPU
		{2B945ED0-9785-48DD-808C-0E593E61515E}.AppStore|iPhoneSimulator.Build.0 = Debug|Any CPU
		{2B945ED0-9785-48DD-808C-0E593E61515E}.AppStore|iPhoneSimulator.Deploy.0 = Debug|Any CPU
		{2B945ED0-9785-48DD-808C-0E593E61515E}.Debug|Any CPU.ActiveCfg = Debug|Any CPU
		{2B945ED0-9785-48DD-808C-0E593E61515E}.Debug|Any CPU.Build.0 = Debug|Any CPU
		{2B945ED0-9785-48DD-808C-0E593E61515E}.Debug|Any CPU.Deploy.0 = Debug|Any CPU
		{2B945ED0-9785-48DD-808C-0E593E61515E}.Debug|iPhone.ActiveCfg = Debug|Any CPU
		{2B945ED0-9785-48DD-808C-0E593E61515E}.Debug|iPhone.Build.0 = Debug|Any CPU
		{2B945ED0-9785-48DD-808C-0E593E61515E}.Debug|iPhone.Deploy.0 = Debug|Any CPU
		{2B945ED0-9785-48DD-808C-0E593E61515E}.Debug|iPhoneSimulator.ActiveCfg = Debug|Any CPU
		{2B945ED0-9785-48DD-808C-0E593E61515E}.Debug|iPhoneSimulator.Build.0 = Debug|Any CPU
		{2B945ED0-9785-48DD-808C-0E593E61515E}.Debug|iPhoneSimulator.Deploy.0 = Debug|Any CPU
		{2B945ED0-9785-48DD-808C-0E593E61515E}.Release|Any CPU.ActiveCfg = Release|Any CPU
		{2B945ED0-9785-48DD-808C-0E593E61515E}.Release|Any CPU.Build.0 = Release|Any CPU
		{2B945ED0-9785-48DD-808C-0E593E61515E}.Release|Any CPU.Deploy.0 = Release|Any CPU
		{2B945ED0-9785-48DD-808C-0E593E61515E}.Release|iPhone.ActiveCfg = Release|Any CPU
		{2B945ED0-9785-48DD-808C-0E593E61515E}.Release|iPhone.Build.0 = Release|Any CPU
		{2B945ED0-9785-48DD-808C-0E593E61515E}.Release|iPhone.Deploy.0 = Release|Any CPU
		{2B945ED0-9785-48DD-808C-0E593E61515E}.Release|iPhoneSimulator.ActiveCfg = Release|Any CPU
		{2B945ED0-9785-48DD-808C-0E593E61515E}.Release|iPhoneSimulator.Build.0 = Release|Any CPU
		{2B945ED0-9785-48DD-808C-0E593E61515E}.Release|iPhoneSimulator.Deploy.0 = Release|Any CPU
	EndGlobalSection
	GlobalSection(SolutionProperties) = preSolution
		HideSolutionNode = FALSE
	EndGlobalSection
	GlobalSection(ExtensibilityGlobals) = postSolution
		SolutionGuid = {3A2E7E5D-152F-4A24-8D8D-FFA462F27748}
	EndGlobalSection
EndGlobal
